
Microsoft Visual Studio Solution File, Format Version 12.00
# Visual Studio Version 17
VisualStudioVersion = 17.6.33815.320
MinimumVisualStudioVersion = 10.0.40219.1
Project("{FAE04EC0-301F-11D3-BF4B-00C04F79EFBC}") = "invoiceCreator", "invoiceCreator\invoiceCreator.csproj", "{A70971C7-0C2E-4E71-A4E7-62E9BCE43B63}"
EndProject
Global
	GlobalSection(SolutionConfigurationPlatforms) = preSolution
		Debug|Any CPU = Debug|Any CPU
		Release|Any CPU = Release|Any CPU
	EndGlobalSection
	GlobalSection(ProjectConfigurationPlatforms) = postSolution
		{A70971C7-0C2E-4E71-A4E7-62E9BCE43B63}.Debug|Any CPU.ActiveCfg = Debug|Any CPU
		{A70971C7-0C2E-4E71-A4E7-62E9BCE43B63}.Debug|Any CPU.Build.0 = Debug|Any CPU
		{A70971C7-0C2E-4E71-A4E7-62E9BCE43B63}.Release|Any CPU.ActiveCfg = Release|Any CPU
		{A70971C7-0C2E-4E71-A4E7-62E9BCE43B63}.Release|Any CPU.Build.0 = Release|Any CPU
	EndGlobalSection
	GlobalSection(SolutionProperties) = preSolution
		HideSolutionNode = FALSE
	EndGlobalSection
	GlobalSection(ExtensibilityGlobals) = postSolution
		SolutionGuid = {470DFF70-2CC5-4C35-9A10-27CB0C254E0A}
	EndGlobalSection
EndGlobal
